
Microsoft Visual Studio Solution File, Format Version 12.00
# Visual Studio Version 16
VisualStudioVersion = 16.0.29409.12
MinimumVisualStudioVersion = 10.0.40219.1
Project("{9A19103F-16F7-4668-BE54-9A1E7A4F7556}") = "BIF-SWE1", "BIF-SWE1\BIF-SWE1.csproj", "{FB75CCC3-FA73-4835-807B-4B9D3F61CB5F}"
EndProject
Project("{9A19103F-16F7-4668-BE54-9A1E7A4F7556}") = "BIF-SWE1.UnitTests", "BIF-SWE1.UnitTests\BIF-SWE1.UnitTests.csproj", "{6B6040AD-E3AB-40CF-9486-3F0DFD2B5FDF}"
EndProject
Project("{9A19103F-16F7-4668-BE54-9A1E7A4F7556}") = "BIF-SWE1.Interfaces", "BIF-SWE1.Interfaces\BIF-SWE1.Interfaces.csproj", "{11205709-7061-468F-A274-ED07D5205E50}"
EndProject
Project("{9A19103F-16F7-4668-BE54-9A1E7A4F7556}") = "TestPlugin", "ClassLibrary2\TestPlugin.csproj", "{6C3EDCF2-3844-4784-8A0F-C5C0DE82A85B}"
EndProject
Project("{FAE04EC0-301F-11D3-BF4B-00C04F79EFBC}") = "ToLowerPlugin", "ToLowerPlugin\ToLowerPlugin.csproj", "{5E1D0D60-FBFA-497B-BAC4-11FDE32E6990}"
EndProject
Project("{FAE04EC0-301F-11D3-BF4B-00C04F79EFBC}") = "TemperaturePlugin", "TemperaturePlugin\TemperaturePlugin.csproj", "{10B669A1-3591-49D3-BCD2-A1F00D8F1D1E}"
EndProject
Project("{FAE04EC0-301F-11D3-BF4B-00C04F79EFBC}") = "NaviPlugin", "NaviPlugin\NaviPlugin.csproj", "{27AA4D91-67BF-4D1B-B0FC-6BAE4FF9746D}"
EndProject
Project("{FAE04EC0-301F-11D3-BF4B-00C04F79EFBC}") = "StaticFilePlugin", "SFP\StaticFilePlugin.csproj", "{20378464-E4AE-4BA6-9731-87F33A40E81A}"
EndProject
Global
	GlobalSection(SolutionConfigurationPlatforms) = preSolution
		Debug|Any CPU = Debug|Any CPU
		Release|Any CPU = Release|Any CPU
	EndGlobalSection
	GlobalSection(ProjectConfigurationPlatforms) = postSolution
		{FB75CCC3-FA73-4835-807B-4B9D3F61CB5F}.Debug|Any CPU.ActiveCfg = Debug|Any CPU
		{FB75CCC3-FA73-4835-807B-4B9D3F61CB5F}.Debug|Any CPU.Build.0 = Debug|Any CPU
		{FB75CCC3-FA73-4835-807B-4B9D3F61CB5F}.Release|Any CPU.ActiveCfg = Release|Any CPU
		{FB75CCC3-FA73-4835-807B-4B9D3F61CB5F}.Release|Any CPU.Build.0 = Release|Any CPU
		{6B6040AD-E3AB-40CF-9486-3F0DFD2B5FDF}.Debug|Any CPU.ActiveCfg = Debug|Any CPU
		{6B6040AD-E3AB-40CF-9486-3F0DFD2B5FDF}.Debug|Any CPU.Build.0 = Debug|Any CPU
		{6B6040AD-E3AB-40CF-9486-3F0DFD2B5FDF}.Release|Any CPU.ActiveCfg = Release|Any CPU
		{6B6040AD-E3AB-40CF-9486-3F0DFD2B5FDF}.Release|Any CPU.Build.0 = Release|Any CPU
		{11205709-7061-468F-A274-ED07D5205E50}.Debug|Any CPU.ActiveCfg = Debug|Any CPU
		{11205709-7061-468F-A274-ED07D5205E50}.Debug|Any CPU.Build.0 = Debug|Any CPU
		{11205709-7061-468F-A274-ED07D5205E50}.Release|Any CPU.ActiveCfg = Release|Any CPU
		{11205709-7061-468F-A274-ED07D5205E50}.Release|Any CPU.Build.0 = Release|Any CPU
		{6C3EDCF2-3844-4784-8A0F-C5C0DE82A85B}.Debug|Any CPU.ActiveCfg = Debug|Any CPU
		{6C3EDCF2-3844-4784-8A0F-C5C0DE82A85B}.Debug|Any CPU.Build.0 = Debug|Any CPU
		{6C3EDCF2-3844-4784-8A0F-C5C0DE82A85B}.Release|Any CPU.ActiveCfg = Release|Any CPU
		{6C3EDCF2-3844-4784-8A0F-C5C0DE82A85B}.Release|Any CPU.Build.0 = Release|Any CPU
		{5E1D0D60-FBFA-497B-BAC4-11FDE32E6990}.Debug|Any CPU.ActiveCfg = Debug|Any CPU
		{5E1D0D60-FBFA-497B-BAC4-11FDE32E6990}.Debug|Any CPU.Build.0 = Debug|Any CPU
		{5E1D0D60-FBFA-497B-BAC4-11FDE32E6990}.Release|Any CPU.ActiveCfg = Release|Any CPU
		{5E1D0D60-FBFA-497B-BAC4-11FDE32E6990}.Release|Any CPU.Build.0 = Release|Any CPU
		{10B669A1-3591-49D3-BCD2-A1F00D8F1D1E}.Debug|Any CPU.ActiveCfg = Debug|Any CPU
		{10B669A1-3591-49D3-BCD2-A1F00D8F1D1E}.Debug|Any CPU.Build.0 = Debug|Any CPU
		{10B669A1-3591-49D3-BCD2-A1F00D8F1D1E}.Release|Any CPU.ActiveCfg = Release|Any CPU
		{10B669A1-3591-49D3-BCD2-A1F00D8F1D1E}.Release|Any CPU.Build.0 = Release|Any CPU
		{27AA4D91-67BF-4D1B-B0FC-6BAE4FF9746D}.Debug|Any CPU.ActiveCfg = Debug|Any CPU
		{27AA4D91-67BF-4D1B-B0FC-6BAE4FF9746D}.Debug|Any CPU.Build.0 = Debug|Any CPU
		{27AA4D91-67BF-4D1B-B0FC-6BAE4FF9746D}.Release|Any CPU.ActiveCfg = Release|Any CPU
		{27AA4D91-67BF-4D1B-B0FC-6BAE4FF9746D}.Release|Any CPU.Build.0 = Release|Any CPU
		{20378464-E4AE-4BA6-9731-87F33A40E81A}.Debug|Any CPU.ActiveCfg = Debug|Any CPU
		{20378464-E4AE-4BA6-9731-87F33A40E81A}.Debug|Any CPU.Build.0 = Debug|Any CPU
		{20378464-E4AE-4BA6-9731-87F33A40E81A}.Release|Any CPU.ActiveCfg = Release|Any CPU
		{20378464-E4AE-4BA6-9731-87F33A40E81A}.Release|Any CPU.Build.0 = Release|Any CPU
	EndGlobalSection
	GlobalSection(SolutionProperties) = preSolution
		HideSolutionNode = FALSE
	EndGlobalSection
	GlobalSection(ExtensibilityGlobals) = postSolution
		SolutionGuid = {400EA46B-6CA0-4A37-8927-A0080CCE089B}
	EndGlobalSection
EndGlobal
